// !$*UTF8*$!
{
	archiveVersion = 1;
	classes = {
	};
	objectVersion = 55;
	objects = {

/* Begin PBXBuildFile section */
		EF089D5D286001D4009A4F97 /* KeyboardValidation.swift in Sources */ = {isa = PBXBuildFile; fileRef = EF089D5C286001D4009A4F97 /* KeyboardValidation.swift */; };
		EF089D6128600C75009A4F97 /* UserData.swift in Sources */ = {isa = PBXBuildFile; fileRef = EF089D6028600C75009A4F97 /* UserData.swift */; };
		EF089D632860117F009A4F97 /* LoginModelTests.swift in Sources */ = {isa = PBXBuildFile; fileRef = EF089D622860117E009A4F97 /* LoginModelTests.swift */; };
		EF089D67286017E4009A4F97 /* OHHTTPStubs in Frameworks */ = {isa = PBXBuildFile; productRef = EF089D66286017E4009A4F97 /* OHHTTPStubs */; };
		EF089D69286017E4009A4F97 /* OHHTTPStubsSwift in Frameworks */ = {isa = PBXBuildFile; productRef = EF089D68286017E4009A4F97 /* OHHTTPStubsSwift */; };
		EF089D6C286040E8009A4F97 /* Realm in Frameworks */ = {isa = PBXBuildFile; productRef = EF089D6B286040E8009A4F97 /* Realm */; };
		EF089D6E286040E8009A4F97 /* RealmSwift in Frameworks */ = {isa = PBXBuildFile; productRef = EF089D6D286040E8009A4F97 /* RealmSwift */; };
		EF08B0BD2856FD15004DB3E6 /* Setting.storyboard in Resources */ = {isa = PBXBuildFile; fileRef = EF08B0BC2856FD15004DB3E6 /* Setting.storyboard */; };
		EF08B0BF2856FFAA004DB3E6 /* MainTabBarController.swift in Sources */ = {isa = PBXBuildFile; fileRef = EF08B0BE2856FFAA004DB3E6 /* MainTabBarController.swift */; };
		EF08B0C1285705E4004DB3E6 /* ChatroomList.swift in Sources */ = {isa = PBXBuildFile; fileRef = EF08B0C0285705E4004DB3E6 /* ChatroomList.swift */; };
		EF3251FB284F0FD7001A3263 /* SettingModel.swift in Sources */ = {isa = PBXBuildFile; fileRef = EF3251FA284F0FD7001A3263 /* SettingModel.swift */; };
		EF3251FD284F132A001A3263 /* InitialSettingViewModel.swift in Sources */ = {isa = PBXBuildFile; fileRef = EF3251FC284F132A001A3263 /* InitialSettingViewModel.swift */; };
		EF4BEAB52856CBA100282DC4 /* Signup.storyboard in Resources */ = {isa = PBXBuildFile; fileRef = EF4BEAB42856CBA100282DC4 /* Signup.storyboard */; };
		EF4BEAB82856CEFA00282DC4 /* InitialSetting.storyboard in Resources */ = {isa = PBXBuildFile; fileRef = EF4BEAB72856CEFA00282DC4 /* InitialSetting.storyboard */; };
		EF4BEABA2856D3D300282DC4 /* MainTabBar.storyboard in Resources */ = {isa = PBXBuildFile; fileRef = EF4BEAB92856D3D300282DC4 /* MainTabBar.storyboard */; };
		EF55468D284B556E006372BA /* LoginViewModel.swift in Sources */ = {isa = PBXBuildFile; fileRef = EF55468C284B556E006372BA /* LoginViewModel.swift */; };
		EF55468F284B5722006372BA /* LoginModel.swift in Sources */ = {isa = PBXBuildFile; fileRef = EF55468E284B5722006372BA /* LoginModel.swift */; };
		EF554691284B5A6B006372BA /* ChatroomList.storyboard in Resources */ = {isa = PBXBuildFile; fileRef = EF554690284B5A6B006372BA /* ChatroomList.storyboard */; };
		EF554693284B5A92006372BA /* ChatroomListViewController.swift in Sources */ = {isa = PBXBuildFile; fileRef = EF554692284B5A92006372BA /* ChatroomListViewController.swift */; };
		EF5DB4E82858212C00FEA279 /* ChatroomListTableViewCell.swift in Sources */ = {isa = PBXBuildFile; fileRef = EF5DB4E62858212C00FEA279 /* ChatroomListTableViewCell.swift */; };
		EF5DB4E92858212C00FEA279 /* ChatroomListTableViewCell.xib in Resources */ = {isa = PBXBuildFile; fileRef = EF5DB4E72858212C00FEA279 /* ChatroomListTableViewCell.xib */; };
		EF5DB4EE28582F3600FEA279 /* Chatroom.storyboard in Resources */ = {isa = PBXBuildFile; fileRef = EF5DB4ED28582F3600FEA279 /* Chatroom.storyboard */; };
		EF5DB4F028582F6C00FEA279 /* ChatroomViewController.swift in Sources */ = {isa = PBXBuildFile; fileRef = EF5DB4EF28582F6C00FEA279 /* ChatroomViewController.swift */; };
		EF82AE3F2858396B0071F456 /* ChatroomViewModel.swift in Sources */ = {isa = PBXBuildFile; fileRef = EF82AE3E2858396B0071F456 /* ChatroomViewModel.swift */; };
		EF82AE41285848340071F456 /* Chat.swift in Sources */ = {isa = PBXBuildFile; fileRef = EF82AE40285848340071F456 /* Chat.swift */; };
		EF82AE4428585CAA0071F456 /* ChatTableViewCell.swift in Sources */ = {isa = PBXBuildFile; fileRef = EF82AE4228585CAA0071F456 /* ChatTableViewCell.swift */; };
		EF82AE4528585CAA0071F456 /* ChatTableViewCell.xib in Resources */ = {isa = PBXBuildFile; fileRef = EF82AE4328585CAA0071F456 /* ChatTableViewCell.xib */; };
		EF8B6CDD285CACA000DCC6D2 /* MyChatTableViewCell.swift in Sources */ = {isa = PBXBuildFile; fileRef = EF8B6CDC285CACA000DCC6D2 /* MyChatTableViewCell.swift */; };
		EFB3747A284ED86B001D59AE /* ViewTransition.swift in Sources */ = {isa = PBXBuildFile; fileRef = EFB37479284ED86B001D59AE /* ViewTransition.swift */; };
		EFB37481284EEB05001D59AE /* InitialSettingViewController.swift in Sources */ = {isa = PBXBuildFile; fileRef = EFB37480284EEB05001D59AE /* InitialSettingViewController.swift */; };
		EFB6FDCB28576672000FACBD /* ChatroomListViewModel.swift in Sources */ = {isa = PBXBuildFile; fileRef = EFB6FDCA28576672000FACBD /* ChatroomListViewModel.swift */; };
		EFB7FE92285CA8D700B20406 /* MyChatTableViewCell.xib in Resources */ = {isa = PBXBuildFile; fileRef = EFB7FE90285CA8D700B20406 /* MyChatTableViewCell.xib */; };
		EFCD61732849BCCF00509C0D /* AppDelegate.swift in Sources */ = {isa = PBXBuildFile; fileRef = EFCD61722849BCCF00509C0D /* AppDelegate.swift */; };
		EFCD61752849BCCF00509C0D /* SceneDelegate.swift in Sources */ = {isa = PBXBuildFile; fileRef = EFCD61742849BCCF00509C0D /* SceneDelegate.swift */; };
		EFCD617A2849BCCF00509C0D /* Main.storyboard in Resources */ = {isa = PBXBuildFile; fileRef = EFCD61782849BCCF00509C0D /* Main.storyboard */; };
		EFCD617C2849BCD100509C0D /* Assets.xcassets in Resources */ = {isa = PBXBuildFile; fileRef = EFCD617B2849BCD100509C0D /* Assets.xcassets */; };
		EFCD617F2849BCD100509C0D /* LaunchScreen.storyboard in Resources */ = {isa = PBXBuildFile; fileRef = EFCD617D2849BCD100509C0D /* LaunchScreen.storyboard */; };
		EFCD618A2849BCD100509C0D /* MessageAppWithAssistantTests.swift in Sources */ = {isa = PBXBuildFile; fileRef = EFCD61892849BCD100509C0D /* MessageAppWithAssistantTests.swift */; };
		EFCD61942849BCD100509C0D /* MessageAppWithAssistantUITests.swift in Sources */ = {isa = PBXBuildFile; fileRef = EFCD61932849BCD100509C0D /* MessageAppWithAssistantUITests.swift */; };
		EFCD61962849BCD100509C0D /* MessageAppWithAssistantUITestsLaunchTests.swift in Sources */ = {isa = PBXBuildFile; fileRef = EFCD61952849BCD100509C0D /* MessageAppWithAssistantUITestsLaunchTests.swift */; };
		EFFC1AF42849D6C3009C99D8 /* LoginViewController.swift in Sources */ = {isa = PBXBuildFile; fileRef = EFFC1AF32849D6C2009C99D8 /* LoginViewController.swift */; };
		EFFC1AF62849D86A009C99D8 /* SignupViewController.swift in Sources */ = {isa = PBXBuildFile; fileRef = EFFC1AF52849D86A009C99D8 /* SignupViewController.swift */; };
		EFFCAE14284DC6E500831926 /* SignupViewModel.swift in Sources */ = {isa = PBXBuildFile; fileRef = EFFCAE13284DC6E500831926 /* SignupViewModel.swift */; };
		EFFCAE17284DCCF200831926 /* UseActivityIndicator.swift in Sources */ = {isa = PBXBuildFile; fileRef = EFFCAE16284DCCF200831926 /* UseActivityIndicator.swift */; };
/* End PBXBuildFile section */

/* Begin PBXContainerItemProxy section */
		EFCD61862849BCD100509C0D /* PBXContainerItemProxy */ = {
			isa = PBXContainerItemProxy;
			containerPortal = EFCD61672849BCCF00509C0D /* Project object */;
			proxyType = 1;
			remoteGlobalIDString = EFCD616E2849BCCF00509C0D;
			remoteInfo = MessageAppWithAssistant;
		};
		EFCD61902849BCD100509C0D /* PBXContainerItemProxy */ = {
			isa = PBXContainerItemProxy;
			containerPortal = EFCD61672849BCCF00509C0D /* Project object */;
			proxyType = 1;
			remoteGlobalIDString = EFCD616E2849BCCF00509C0D;
			remoteInfo = MessageAppWithAssistant;
		};
/* End PBXContainerItemProxy section */

/* Begin PBXFileReference section */
		EF089D5C286001D4009A4F97 /* KeyboardValidation.swift */ = {isa = PBXFileReference; lastKnownFileType = sourcecode.swift; path = KeyboardValidation.swift; sourceTree = "<group>"; };
		EF089D6028600C75009A4F97 /* UserData.swift */ = {isa = PBXFileReference; lastKnownFileType = sourcecode.swift; path = UserData.swift; sourceTree = "<group>"; };
		EF089D622860117E009A4F97 /* LoginModelTests.swift */ = {isa = PBXFileReference; lastKnownFileType = sourcecode.swift; path = LoginModelTests.swift; sourceTree = "<group>"; };
		EF089D64286014F7009A4F97 /* LoginResponse.json */ = {isa = PBXFileReference; lastKnownFileType = text.json; path = LoginResponse.json; sourceTree = "<group>"; };
		EF08B0BC2856FD15004DB3E6 /* Setting.storyboard */ = {isa = PBXFileReference; lastKnownFileType = file.storyboard; path = Setting.storyboard; sourceTree = "<group>"; };
		EF08B0BE2856FFAA004DB3E6 /* MainTabBarController.swift */ = {isa = PBXFileReference; lastKnownFileType = sourcecode.swift; path = MainTabBarController.swift; sourceTree = "<group>"; };
		EF08B0C0285705E4004DB3E6 /* ChatroomList.swift */ = {isa = PBXFileReference; lastKnownFileType = sourcecode.swift; path = ChatroomList.swift; sourceTree = "<group>"; };
		EF3251FA284F0FD7001A3263 /* SettingModel.swift */ = {isa = PBXFileReference; lastKnownFileType = sourcecode.swift; path = SettingModel.swift; sourceTree = "<group>"; };
		EF3251FC284F132A001A3263 /* InitialSettingViewModel.swift */ = {isa = PBXFileReference; lastKnownFileType = sourcecode.swift; path = InitialSettingViewModel.swift; sourceTree = "<group>"; };
		EF3251FE284F14F8001A3263 /* UserDefaultsData.md */ = {isa = PBXFileReference; lastKnownFileType = net.daringfireball.markdown; path = UserDefaultsData.md; sourceTree = "<group>"; };
		EF395688284EF91500A694A7 /* ToDo.md */ = {isa = PBXFileReference; lastKnownFileType = net.daringfireball.markdown; path = ToDo.md; sourceTree = "<group>"; };
		EF4BEAB42856CBA100282DC4 /* Signup.storyboard */ = {isa = PBXFileReference; lastKnownFileType = file.storyboard; path = Signup.storyboard; sourceTree = "<group>"; };
		EF4BEAB72856CEFA00282DC4 /* InitialSetting.storyboard */ = {isa = PBXFileReference; lastKnownFileType = file.storyboard; path = InitialSetting.storyboard; sourceTree = "<group>"; };
		EF4BEAB92856D3D300282DC4 /* MainTabBar.storyboard */ = {isa = PBXFileReference; lastKnownFileType = file.storyboard; path = MainTabBar.storyboard; sourceTree = "<group>"; };
		EF55468C284B556E006372BA /* LoginViewModel.swift */ = {isa = PBXFileReference; lastKnownFileType = sourcecode.swift; path = LoginViewModel.swift; sourceTree = "<group>"; };
		EF55468E284B5722006372BA /* LoginModel.swift */ = {isa = PBXFileReference; lastKnownFileType = sourcecode.swift; path = LoginModel.swift; sourceTree = "<group>"; };
		EF554690284B5A6B006372BA /* ChatroomList.storyboard */ = {isa = PBXFileReference; lastKnownFileType = file.storyboard; path = ChatroomList.storyboard; sourceTree = "<group>"; };
		EF554692284B5A92006372BA /* ChatroomListViewController.swift */ = {isa = PBXFileReference; lastKnownFileType = sourcecode.swift; path = ChatroomListViewController.swift; sourceTree = "<group>"; };
		EF5DB4E62858212C00FEA279 /* ChatroomListTableViewCell.swift */ = {isa = PBXFileReference; lastKnownFileType = sourcecode.swift; path = ChatroomListTableViewCell.swift; sourceTree = "<group>"; };
		EF5DB4E72858212C00FEA279 /* ChatroomListTableViewCell.xib */ = {isa = PBXFileReference; lastKnownFileType = file.xib; path = ChatroomListTableViewCell.xib; sourceTree = "<group>"; };
		EF5DB4ED28582F3600FEA279 /* Chatroom.storyboard */ = {isa = PBXFileReference; lastKnownFileType = file.storyboard; path = Chatroom.storyboard; sourceTree = "<group>"; };
		EF5DB4EF28582F6C00FEA279 /* ChatroomViewController.swift */ = {isa = PBXFileReference; lastKnownFileType = sourcecode.swift; path = ChatroomViewController.swift; sourceTree = "<group>"; };
		EF82AE3E2858396B0071F456 /* ChatroomViewModel.swift */ = {isa = PBXFileReference; lastKnownFileType = sourcecode.swift; path = ChatroomViewModel.swift; sourceTree = "<group>"; };
		EF82AE40285848340071F456 /* Chat.swift */ = {isa = PBXFileReference; lastKnownFileType = sourcecode.swift; path = Chat.swift; sourceTree = "<group>"; };
		EF82AE4228585CAA0071F456 /* ChatTableViewCell.swift */ = {isa = PBXFileReference; lastKnownFileType = sourcecode.swift; path = ChatTableViewCell.swift; sourceTree = "<group>"; };
		EF82AE4328585CAA0071F456 /* ChatTableViewCell.xib */ = {isa = PBXFileReference; lastKnownFileType = file.xib; path = ChatTableViewCell.xib; sourceTree = "<group>"; };
		EF8B6CDC285CACA000DCC6D2 /* MyChatTableViewCell.swift */ = {isa = PBXFileReference; lastKnownFileType = sourcecode.swift; path = MyChatTableViewCell.swift; sourceTree = "<group>"; };
		EFB37479284ED86B001D59AE /* ViewTransition.swift */ = {isa = PBXFileReference; lastKnownFileType = sourcecode.swift; path = ViewTransition.swift; sourceTree = "<group>"; };
		EFB37480284EEB05001D59AE /* InitialSettingViewController.swift */ = {isa = PBXFileReference; lastKnownFileType = sourcecode.swift; path = InitialSettingViewController.swift; sourceTree = "<group>"; };
		EFB6FDCA28576672000FACBD /* ChatroomListViewModel.swift */ = {isa = PBXFileReference; lastKnownFileType = sourcecode.swift; path = ChatroomListViewModel.swift; sourceTree = "<group>"; };
		EFB7FE90285CA8D700B20406 /* MyChatTableViewCell.xib */ = {isa = PBXFileReference; lastKnownFileType = file.xib; path = MyChatTableViewCell.xib; sourceTree = "<group>"; };
		EFCD616F2849BCCF00509C0D /* MessageAppWithAssistant.app */ = {isa = PBXFileReference; explicitFileType = wrapper.application; includeInIndex = 0; path = MessageAppWithAssistant.app; sourceTree = BUILT_PRODUCTS_DIR; };
		EFCD61722849BCCF00509C0D /* AppDelegate.swift */ = {isa = PBXFileReference; lastKnownFileType = sourcecode.swift; path = AppDelegate.swift; sourceTree = "<group>"; };
		EFCD61742849BCCF00509C0D /* SceneDelegate.swift */ = {isa = PBXFileReference; lastKnownFileType = sourcecode.swift; path = SceneDelegate.swift; sourceTree = "<group>"; };
		EFCD61792849BCCF00509C0D /* Base */ = {isa = PBXFileReference; lastKnownFileType = file.storyboard; name = Base; path = Base.lproj/Main.storyboard; sourceTree = "<group>"; };
		EFCD617B2849BCD100509C0D /* Assets.xcassets */ = {isa = PBXFileReference; lastKnownFileType = folder.assetcatalog; path = Assets.xcassets; sourceTree = "<group>"; };
		EFCD617E2849BCD100509C0D /* Base */ = {isa = PBXFileReference; lastKnownFileType = file.storyboard; name = Base; path = Base.lproj/LaunchScreen.storyboard; sourceTree = "<group>"; };
		EFCD61802849BCD100509C0D /* Info.plist */ = {isa = PBXFileReference; lastKnownFileType = text.plist.xml; path = Info.plist; sourceTree = "<group>"; };
		EFCD61852849BCD100509C0D /* MessageAppWithAssistantTests.xctest */ = {isa = PBXFileReference; explicitFileType = wrapper.cfbundle; includeInIndex = 0; path = MessageAppWithAssistantTests.xctest; sourceTree = BUILT_PRODUCTS_DIR; };
		EFCD61892849BCD100509C0D /* MessageAppWithAssistantTests.swift */ = {isa = PBXFileReference; lastKnownFileType = sourcecode.swift; path = MessageAppWithAssistantTests.swift; sourceTree = "<group>"; };
		EFCD618F2849BCD100509C0D /* MessageAppWithAssistantUITests.xctest */ = {isa = PBXFileReference; explicitFileType = wrapper.cfbundle; includeInIndex = 0; path = MessageAppWithAssistantUITests.xctest; sourceTree = BUILT_PRODUCTS_DIR; };
		EFCD61932849BCD100509C0D /* MessageAppWithAssistantUITests.swift */ = {isa = PBXFileReference; lastKnownFileType = sourcecode.swift; path = MessageAppWithAssistantUITests.swift; sourceTree = "<group>"; };
		EFCD61952849BCD100509C0D /* MessageAppWithAssistantUITestsLaunchTests.swift */ = {isa = PBXFileReference; lastKnownFileType = sourcecode.swift; path = MessageAppWithAssistantUITestsLaunchTests.swift; sourceTree = "<group>"; };
		EFFC1AF32849D6C2009C99D8 /* LoginViewController.swift */ = {isa = PBXFileReference; lastKnownFileType = sourcecode.swift; path = LoginViewController.swift; sourceTree = "<group>"; };
		EFFC1AF52849D86A009C99D8 /* SignupViewController.swift */ = {isa = PBXFileReference; lastKnownFileType = sourcecode.swift; path = SignupViewController.swift; sourceTree = "<group>"; };
		EFFCAE13284DC6E500831926 /* SignupViewModel.swift */ = {isa = PBXFileReference; lastKnownFileType = sourcecode.swift; path = SignupViewModel.swift; sourceTree = "<group>"; };
		EFFCAE16284DCCF200831926 /* UseActivityIndicator.swift */ = {isa = PBXFileReference; lastKnownFileType = sourcecode.swift; path = UseActivityIndicator.swift; sourceTree = "<group>"; };
/* End PBXFileReference section */

/* Begin PBXFrameworksBuildPhase section */
		EFCD616C2849BCCF00509C0D /* Frameworks */ = {
			isa = PBXFrameworksBuildPhase;
			buildActionMask = 2147483647;
			files = (
				EF089D6E286040E8009A4F97 /* RealmSwift in Frameworks */,
				EF089D6C286040E8009A4F97 /* Realm in Frameworks */,
				EF089D67286017E4009A4F97 /* OHHTTPStubs in Frameworks */,
				EF089D69286017E4009A4F97 /* OHHTTPStubsSwift in Frameworks */,
			);
			runOnlyForDeploymentPostprocessing = 0;
		};
		EFCD61822849BCD100509C0D /* Frameworks */ = {
			isa = PBXFrameworksBuildPhase;
			buildActionMask = 2147483647;
			files = (
			);
			runOnlyForDeploymentPostprocessing = 0;
		};
		EFCD618C2849BCD100509C0D /* Frameworks */ = {
			isa = PBXFrameworksBuildPhase;
			buildActionMask = 2147483647;
			files = (
			);
			runOnlyForDeploymentPostprocessing = 0;
		};
/* End PBXFrameworksBuildPhase section */

/* Begin PBXGroup section */
		EF4BEAB62856CEE000282DC4 /* Storyboard */ = {
			isa = PBXGroup;
			children = (
				EF5DB4EA28582B4E00FEA279 /* LoginAndSignupAndInitialSetting */,
				EF4BEAB92856D3D300282DC4 /* MainTabBar.storyboard */,
				EF5DB4EB28582C9200FEA279 /* ChatroomList */,
				EF5DB4EC28582CA900FEA279 /* Setting */,
				EFCD617D2849BCD100509C0D /* LaunchScreen.storyboard */,
			);
			path = Storyboard;
			sourceTree = "<group>";
		};
		EF554689284B5482006372BA /* View */ = {
			isa = PBXGroup;
			children = (
				EF5DB4F328582FBD00FEA279 /* LoginSignupInitSetting */,
				EF5DB4F128582F7300FEA279 /* ChatroomList */,
			);
			path = View;
			sourceTree = "<group>";
		};
		EF55468A284B5552006372BA /* ViewModel */ = {
			isa = PBXGroup;
			children = (
				EF82AE3B2858393A0071F456 /* LoginSignupoInitialSetting */,
				EF82AE3C285839520071F456 /* ChatroomList */,
				EFFCAE15284DCCD700831926 /* Protocols */,
			);
			path = ViewModel;
			sourceTree = "<group>";
		};
		EF55468B284B555C006372BA /* Model */ = {
			isa = PBXGroup;
			children = (
				EF55468E284B5722006372BA /* LoginModel.swift */,
				EF3251FA284F0FD7001A3263 /* SettingModel.swift */,
				EF08B0C0285705E4004DB3E6 /* ChatroomList.swift */,
				EF82AE40285848340071F456 /* Chat.swift */,
				EF089D6028600C75009A4F97 /* UserData.swift */,
				EFB3747B284EDC49001D59AE /* Protoclos */,
			);
			path = Model;
			sourceTree = "<group>";
		};
		EF5DB4EA28582B4E00FEA279 /* LoginAndSignupAndInitialSetting */ = {
			isa = PBXGroup;
			children = (
				EFCD61782849BCCF00509C0D /* Main.storyboard */,
				EF4BEAB42856CBA100282DC4 /* Signup.storyboard */,
				EF4BEAB72856CEFA00282DC4 /* InitialSetting.storyboard */,
			);
			path = LoginAndSignupAndInitialSetting;
			sourceTree = "<group>";
		};
		EF5DB4EB28582C9200FEA279 /* ChatroomList */ = {
			isa = PBXGroup;
			children = (
				EF554690284B5A6B006372BA /* ChatroomList.storyboard */,
				EF5DB4E72858212C00FEA279 /* ChatroomListTableViewCell.xib */,
				EF82AE4628585CB40071F456 /* Chatroom */,
			);
			path = ChatroomList;
			sourceTree = "<group>";
		};
		EF5DB4EC28582CA900FEA279 /* Setting */ = {
			isa = PBXGroup;
			children = (
				EF08B0BC2856FD15004DB3E6 /* Setting.storyboard */,
			);
			path = Setting;
			sourceTree = "<group>";
		};
		EF5DB4F128582F7300FEA279 /* ChatroomList */ = {
			isa = PBXGroup;
			children = (
				EF08B0BE2856FFAA004DB3E6 /* MainTabBarController.swift */,
				EF554692284B5A92006372BA /* ChatroomListViewController.swift */,
				EF5DB4E62858212C00FEA279 /* ChatroomListTableViewCell.swift */,
				EF5DB4F228582FB000FEA279 /* Chatroom */,
			);
			path = ChatroomList;
			sourceTree = "<group>";
		};
		EF5DB4F228582FB000FEA279 /* Chatroom */ = {
			isa = PBXGroup;
			children = (
				EF5DB4EF28582F6C00FEA279 /* ChatroomViewController.swift */,
				EF82AE4228585CAA0071F456 /* ChatTableViewCell.swift */,
				EF8B6CDC285CACA000DCC6D2 /* MyChatTableViewCell.swift */,
			);
			path = Chatroom;
			sourceTree = "<group>";
		};
		EF5DB4F328582FBD00FEA279 /* LoginSignupInitSetting */ = {
			isa = PBXGroup;
			children = (
				EFFC1AF32849D6C2009C99D8 /* LoginViewController.swift */,
				EFFC1AF52849D86A009C99D8 /* SignupViewController.swift */,
				EFB37480284EEB05001D59AE /* InitialSettingViewController.swift */,
			);
			path = LoginSignupInitSetting;
			sourceTree = "<group>";
		};
		EF82AE3B2858393A0071F456 /* LoginSignupoInitialSetting */ = {
			isa = PBXGroup;
			children = (
				EF55468C284B556E006372BA /* LoginViewModel.swift */,
				EFFCAE13284DC6E500831926 /* SignupViewModel.swift */,
				EF3251FC284F132A001A3263 /* InitialSettingViewModel.swift */,
			);
			path = LoginSignupoInitialSetting;
			sourceTree = "<group>";
		};
		EF82AE3C285839520071F456 /* ChatroomList */ = {
			isa = PBXGroup;
			children = (
				EFB6FDCA28576672000FACBD /* ChatroomListViewModel.swift */,
				EF82AE3D2858395C0071F456 /* Chatroom */,
			);
			path = ChatroomList;
			sourceTree = "<group>";
		};
		EF82AE3D2858395C0071F456 /* Chatroom */ = {
			isa = PBXGroup;
			children = (
				EF82AE3E2858396B0071F456 /* ChatroomViewModel.swift */,
			);
			path = Chatroom;
			sourceTree = "<group>";
		};
		EF82AE4628585CB40071F456 /* Chatroom */ = {
			isa = PBXGroup;
			children = (
				EF5DB4ED28582F3600FEA279 /* Chatroom.storyboard */,
				EF82AE4328585CAA0071F456 /* ChatTableViewCell.xib */,
				EFB7FE90285CA8D700B20406 /* MyChatTableViewCell.xib */,
			);
			path = Chatroom;
			sourceTree = "<group>";
		};
		EFB3747B284EDC49001D59AE /* Protoclos */ = {
			isa = PBXGroup;
			children = (
			);
			path = Protoclos;
			sourceTree = "<group>";
		};
		EFCD61662849BCCF00509C0D = {
			isa = PBXGroup;
			children = (
				EFCD61712849BCCF00509C0D /* MessageAppWithAssistant */,
				EFCD61882849BCD100509C0D /* MessageAppWithAssistantTests */,
				EFCD61922849BCD100509C0D /* MessageAppWithAssistantUITests */,
				EFCD61702849BCCF00509C0D /* Products */,
			);
			sourceTree = "<group>";
		};
		EFCD61702849BCCF00509C0D /* Products */ = {
			isa = PBXGroup;
			children = (
				EFCD616F2849BCCF00509C0D /* MessageAppWithAssistant.app */,
				EFCD61852849BCD100509C0D /* MessageAppWithAssistantTests.xctest */,
				EFCD618F2849BCD100509C0D /* MessageAppWithAssistantUITests.xctest */,
			);
			name = Products;
			sourceTree = "<group>";
		};
		EFCD61712849BCCF00509C0D /* MessageAppWithAssistant */ = {
			isa = PBXGroup;
			children = (
				EF554689284B5482006372BA /* View */,
				EF55468A284B5552006372BA /* ViewModel */,
				EF55468B284B555C006372BA /* Model */,
				EFCD61722849BCCF00509C0D /* AppDelegate.swift */,
				EFCD61742849BCCF00509C0D /* SceneDelegate.swift */,
				EF4BEAB62856CEE000282DC4 /* Storyboard */,
				EFCD617B2849BCD100509C0D /* Assets.xcassets */,
				EFCD61802849BCD100509C0D /* Info.plist */,
				EF3251FE284F14F8001A3263 /* UserDefaultsData.md */,
				EF395688284EF91500A694A7 /* ToDo.md */,
			);
			path = MessageAppWithAssistant;
			sourceTree = "<group>";
		};
		EFCD61882849BCD100509C0D /* MessageAppWithAssistantTests */ = {
			isa = PBXGroup;
			children = (
				EFCD61892849BCD100509C0D /* MessageAppWithAssistantTests.swift */,
				EF089D622860117E009A4F97 /* LoginModelTests.swift */,
				EF089D64286014F7009A4F97 /* LoginResponse.json */,
			);
			path = MessageAppWithAssistantTests;
			sourceTree = "<group>";
		};
		EFCD61922849BCD100509C0D /* MessageAppWithAssistantUITests */ = {
			isa = PBXGroup;
			children = (
				EFCD61932849BCD100509C0D /* MessageAppWithAssistantUITests.swift */,
				EFCD61952849BCD100509C0D /* MessageAppWithAssistantUITestsLaunchTests.swift */,
			);
			path = MessageAppWithAssistantUITests;
			sourceTree = "<group>";
		};
		EFFCAE15284DCCD700831926 /* Protocols */ = {
			isa = PBXGroup;
			children = (
				EFFCAE16284DCCF200831926 /* UseActivityIndicator.swift */,
				EFB37479284ED86B001D59AE /* ViewTransition.swift */,
				EF089D5C286001D4009A4F97 /* KeyboardValidation.swift */,
			);
			path = Protocols;
			sourceTree = "<group>";
		};
/* End PBXGroup section */

/* Begin PBXNativeTarget section */
		EFCD616E2849BCCF00509C0D /* MessageAppWithAssistant */ = {
			isa = PBXNativeTarget;
			buildConfigurationList = EFCD61992849BCD100509C0D /* Build configuration list for PBXNativeTarget "MessageAppWithAssistant" */;
			buildPhases = (
				EFCD616B2849BCCF00509C0D /* Sources */,
				EFCD616C2849BCCF00509C0D /* Frameworks */,
				EFCD616D2849BCCF00509C0D /* Resources */,
			);
			buildRules = (
			);
			dependencies = (
			);
			name = MessageAppWithAssistant;
			packageProductDependencies = (
				EF089D66286017E4009A4F97 /* OHHTTPStubs */,
				EF089D68286017E4009A4F97 /* OHHTTPStubsSwift */,
				EF089D6B286040E8009A4F97 /* Realm */,
				EF089D6D286040E8009A4F97 /* RealmSwift */,
			);
			productName = MessageAppWithAssistant;
			productReference = EFCD616F2849BCCF00509C0D /* MessageAppWithAssistant.app */;
			productType = "com.apple.product-type.application";
		};
		EFCD61842849BCD100509C0D /* MessageAppWithAssistantTests */ = {
			isa = PBXNativeTarget;
			buildConfigurationList = EFCD619C2849BCD100509C0D /* Build configuration list for PBXNativeTarget "MessageAppWithAssistantTests" */;
			buildPhases = (
				EFCD61812849BCD100509C0D /* Sources */,
				EFCD61822849BCD100509C0D /* Frameworks */,
				EFCD61832849BCD100509C0D /* Resources */,
			);
			buildRules = (
			);
			dependencies = (
				EFCD61872849BCD100509C0D /* PBXTargetDependency */,
			);
			name = MessageAppWithAssistantTests;
			productName = MessageAppWithAssistantTests;
			productReference = EFCD61852849BCD100509C0D /* MessageAppWithAssistantTests.xctest */;
			productType = "com.apple.product-type.bundle.unit-test";
		};
		EFCD618E2849BCD100509C0D /* MessageAppWithAssistantUITests */ = {
			isa = PBXNativeTarget;
			buildConfigurationList = EFCD619F2849BCD100509C0D /* Build configuration list for PBXNativeTarget "MessageAppWithAssistantUITests" */;
			buildPhases = (
				EFCD618B2849BCD100509C0D /* Sources */,
				EFCD618C2849BCD100509C0D /* Frameworks */,
				EFCD618D2849BCD100509C0D /* Resources */,
			);
			buildRules = (
			);
			dependencies = (
				EFCD61912849BCD100509C0D /* PBXTargetDependency */,
			);
			name = MessageAppWithAssistantUITests;
			productName = MessageAppWithAssistantUITests;
			productReference = EFCD618F2849BCD100509C0D /* MessageAppWithAssistantUITests.xctest */;
			productType = "com.apple.product-type.bundle.ui-testing";
		};
/* End PBXNativeTarget section */

/* Begin PBXProject section */
		EFCD61672849BCCF00509C0D /* Project object */ = {
			isa = PBXProject;
			attributes = {
				BuildIndependentTargetsInParallel = 1;
				LastSwiftUpdateCheck = 1330;
				LastUpgradeCheck = 1330;
				TargetAttributes = {
					EFCD616E2849BCCF00509C0D = {
						CreatedOnToolsVersion = 13.3.1;
					};
					EFCD61842849BCD100509C0D = {
						CreatedOnToolsVersion = 13.3.1;
						TestTargetID = EFCD616E2849BCCF00509C0D;
					};
					EFCD618E2849BCD100509C0D = {
						CreatedOnToolsVersion = 13.3.1;
						TestTargetID = EFCD616E2849BCCF00509C0D;
					};
				};
			};
			buildConfigurationList = EFCD616A2849BCCF00509C0D /* Build configuration list for PBXProject "MessageAppWithAssistant" */;
			compatibilityVersion = "Xcode 13.0";
			developmentRegion = en;
			hasScannedForEncodings = 0;
			knownRegions = (
				en,
				Base,
			);
			mainGroup = EFCD61662849BCCF00509C0D;
			packageReferences = (
				EF089D65286017E4009A4F97 /* XCRemoteSwiftPackageReference "OHHTTPStubs" */,
				EF089D6A286040E8009A4F97 /* XCRemoteSwiftPackageReference "realm-swift" */,
			);
			productRefGroup = EFCD61702849BCCF00509C0D /* Products */;
			projectDirPath = "";
			projectRoot = "";
			targets = (
				EFCD616E2849BCCF00509C0D /* MessageAppWithAssistant */,
				EFCD61842849BCD100509C0D /* MessageAppWithAssistantTests */,
				EFCD618E2849BCD100509C0D /* MessageAppWithAssistantUITests */,
			);
		};
/* End PBXProject section */

/* Begin PBXResourcesBuildPhase section */
		EFCD616D2849BCCF00509C0D /* Resources */ = {
			isa = PBXResourcesBuildPhase;
			buildActionMask = 2147483647;
			files = (
				EF5DB4E92858212C00FEA279 /* ChatroomListTableViewCell.xib in Resources */,
				EFCD617F2849BCD100509C0D /* LaunchScreen.storyboard in Resources */,
				EFCD617C2849BCD100509C0D /* Assets.xcassets in Resources */,
				EF82AE4528585CAA0071F456 /* ChatTableViewCell.xib in Resources */,
				EFCD617A2849BCCF00509C0D /* Main.storyboard in Resources */,
				EFB7FE92285CA8D700B20406 /* MyChatTableViewCell.xib in Resources */,
				EF4BEABA2856D3D300282DC4 /* MainTabBar.storyboard in Resources */,
				EF4BEAB52856CBA100282DC4 /* Signup.storyboard in Resources */,
				EF4BEAB82856CEFA00282DC4 /* InitialSetting.storyboard in Resources */,
				EF5DB4EE28582F3600FEA279 /* Chatroom.storyboard in Resources */,
				EF554691284B5A6B006372BA /* ChatroomList.storyboard in Resources */,
				EF08B0BD2856FD15004DB3E6 /* Setting.storyboard in Resources */,
			);
			runOnlyForDeploymentPostprocessing = 0;
		};
		EFCD61832849BCD100509C0D /* Resources */ = {
			isa = PBXResourcesBuildPhase;
			buildActionMask = 2147483647;
			files = (
			);
			runOnlyForDeploymentPostprocessing = 0;
		};
		EFCD618D2849BCD100509C0D /* Resources */ = {
			isa = PBXResourcesBuildPhase;
			buildActionMask = 2147483647;
			files = (
			);
			runOnlyForDeploymentPostprocessing = 0;
		};
/* End PBXResourcesBuildPhase section */

/* Begin PBXSourcesBuildPhase section */
		EFCD616B2849BCCF00509C0D /* Sources */ = {
			isa = PBXSourcesBuildPhase;
			buildActionMask = 2147483647;
			files = (
				EFFC1AF42849D6C3009C99D8 /* LoginViewController.swift in Sources */,
				EF55468F284B5722006372BA /* LoginModel.swift in Sources */,
				EFB37481284EEB05001D59AE /* InitialSettingViewController.swift in Sources */,
				EF3251FD284F132A001A3263 /* InitialSettingViewModel.swift in Sources */,
				EFFCAE14284DC6E500831926 /* SignupViewModel.swift in Sources */,
				EF5DB4F028582F6C00FEA279 /* ChatroomViewController.swift in Sources */,
				EF5DB4E82858212C00FEA279 /* ChatroomListTableViewCell.swift in Sources */,
				EFB3747A284ED86B001D59AE /* ViewTransition.swift in Sources */,
				EFFCAE17284DCCF200831926 /* UseActivityIndicator.swift in Sources */,
				EFFC1AF62849D86A009C99D8 /* SignupViewController.swift in Sources */,
				EFCD61732849BCCF00509C0D /* AppDelegate.swift in Sources */,
				EF8B6CDD285CACA000DCC6D2 /* MyChatTableViewCell.swift in Sources */,
				EF3251FB284F0FD7001A3263 /* SettingModel.swift in Sources */,
				EF08B0BF2856FFAA004DB3E6 /* MainTabBarController.swift in Sources */,
				EF82AE41285848340071F456 /* Chat.swift in Sources */,
				EFB6FDCB28576672000FACBD /* ChatroomListViewModel.swift in Sources */,
				EF82AE3F2858396B0071F456 /* ChatroomViewModel.swift in Sources */,
				EF55468D284B556E006372BA /* LoginViewModel.swift in Sources */,
				EF089D6128600C75009A4F97 /* UserData.swift in Sources */,
				EFCD61752849BCCF00509C0D /* SceneDelegate.swift in Sources */,
				EF089D5D286001D4009A4F97 /* KeyboardValidation.swift in Sources */,
				EF82AE4428585CAA0071F456 /* ChatTableViewCell.swift in Sources */,
				EF08B0C1285705E4004DB3E6 /* ChatroomList.swift in Sources */,
				EF554693284B5A92006372BA /* ChatroomListViewController.swift in Sources */,
			);
			runOnlyForDeploymentPostprocessing = 0;
		};
		EFCD61812849BCD100509C0D /* Sources */ = {
			isa = PBXSourcesBuildPhase;
			buildActionMask = 2147483647;
			files = (
				EFCD618A2849BCD100509C0D /* MessageAppWithAssistantTests.swift in Sources */,
				EF089D632860117F009A4F97 /* LoginModelTests.swift in Sources */,
			);
			runOnlyForDeploymentPostprocessing = 0;
		};
		EFCD618B2849BCD100509C0D /* Sources */ = {
			isa = PBXSourcesBuildPhase;
			buildActionMask = 2147483647;
			files = (
				EFCD61942849BCD100509C0D /* MessageAppWithAssistantUITests.swift in Sources */,
				EFCD61962849BCD100509C0D /* MessageAppWithAssistantUITestsLaunchTests.swift in Sources */,
			);
			runOnlyForDeploymentPostprocessing = 0;
		};
/* End PBXSourcesBuildPhase section */

/* Begin PBXTargetDependency section */
		EFCD61872849BCD100509C0D /* PBXTargetDependency */ = {
			isa = PBXTargetDependency;
			target = EFCD616E2849BCCF00509C0D /* MessageAppWithAssistant */;
			targetProxy = EFCD61862849BCD100509C0D /* PBXContainerItemProxy */;
		};
		EFCD61912849BCD100509C0D /* PBXTargetDependency */ = {
			isa = PBXTargetDependency;
			target = EFCD616E2849BCCF00509C0D /* MessageAppWithAssistant */;
			targetProxy = EFCD61902849BCD100509C0D /* PBXContainerItemProxy */;
		};
/* End PBXTargetDependency section */

/* Begin PBXVariantGroup section */
		EFCD61782849BCCF00509C0D /* Main.storyboard */ = {
			isa = PBXVariantGroup;
			children = (
				EFCD61792849BCCF00509C0D /* Base */,
			);
			name = Main.storyboard;
			sourceTree = "<group>";
		};
		EFCD617D2849BCD100509C0D /* LaunchScreen.storyboard */ = {
			isa = PBXVariantGroup;
			children = (
				EFCD617E2849BCD100509C0D /* Base */,
			);
			name = LaunchScreen.storyboard;
			sourceTree = "<group>";
		};
/* End PBXVariantGroup section */

/* Begin XCBuildConfiguration section */
		EFCD61972849BCD100509C0D /* Debug */ = {
			isa = XCBuildConfiguration;
			buildSettings = {
				ALWAYS_SEARCH_USER_PATHS = NO;
				CLANG_ANALYZER_NONNULL = YES;
				CLANG_ANALYZER_NUMBER_OBJECT_CONVERSION = YES_AGGRESSIVE;
				CLANG_CXX_LANGUAGE_STANDARD = "gnu++17";
				CLANG_ENABLE_MODULES = YES;
				CLANG_ENABLE_OBJC_ARC = YES;
				CLANG_ENABLE_OBJC_WEAK = YES;
				CLANG_WARN_BLOCK_CAPTURE_AUTORELEASING = YES;
				CLANG_WARN_BOOL_CONVERSION = YES;
				CLANG_WARN_COMMA = YES;
				CLANG_WARN_CONSTANT_CONVERSION = YES;
				CLANG_WARN_DEPRECATED_OBJC_IMPLEMENTATIONS = YES;
				CLANG_WARN_DIRECT_OBJC_ISA_USAGE = YES_ERROR;
				CLANG_WARN_DOCUMENTATION_COMMENTS = YES;
				CLANG_WARN_EMPTY_BODY = YES;
				CLANG_WARN_ENUM_CONVERSION = YES;
				CLANG_WARN_INFINITE_RECURSION = YES;
				CLANG_WARN_INT_CONVERSION = YES;
				CLANG_WARN_NON_LITERAL_NULL_CONVERSION = YES;
				CLANG_WARN_OBJC_IMPLICIT_RETAIN_SELF = YES;
				CLANG_WARN_OBJC_LITERAL_CONVERSION = YES;
				CLANG_WARN_OBJC_ROOT_CLASS = YES_ERROR;
				CLANG_WARN_QUOTED_INCLUDE_IN_FRAMEWORK_HEADER = YES;
				CLANG_WARN_RANGE_LOOP_ANALYSIS = YES;
				CLANG_WARN_STRICT_PROTOTYPES = YES;
				CLANG_WARN_SUSPICIOUS_MOVE = YES;
				CLANG_WARN_UNGUARDED_AVAILABILITY = YES_AGGRESSIVE;
				CLANG_WARN_UNREACHABLE_CODE = YES;
				CLANG_WARN__DUPLICATE_METHOD_MATCH = YES;
				COPY_PHASE_STRIP = NO;
				DEBUG_INFORMATION_FORMAT = dwarf;
				ENABLE_STRICT_OBJC_MSGSEND = YES;
				ENABLE_TESTABILITY = YES;
				GCC_C_LANGUAGE_STANDARD = gnu11;
				GCC_DYNAMIC_NO_PIC = NO;
				GCC_NO_COMMON_BLOCKS = YES;
				GCC_OPTIMIZATION_LEVEL = 0;
				GCC_PREPROCESSOR_DEFINITIONS = (
					"DEBUG=1",
					"$(inherited)",
				);
				GCC_WARN_64_TO_32_BIT_CONVERSION = YES;
				GCC_WARN_ABOUT_RETURN_TYPE = YES_ERROR;
				GCC_WARN_UNDECLARED_SELECTOR = YES;
				GCC_WARN_UNINITIALIZED_AUTOS = YES_AGGRESSIVE;
				GCC_WARN_UNUSED_FUNCTION = YES;
				GCC_WARN_UNUSED_VARIABLE = YES;
				IPHONEOS_DEPLOYMENT_TARGET = 15.4;
				MTL_ENABLE_DEBUG_INFO = INCLUDE_SOURCE;
				MTL_FAST_MATH = YES;
				ONLY_ACTIVE_ARCH = YES;
				SDKROOT = iphoneos;
				SWIFT_ACTIVE_COMPILATION_CONDITIONS = DEBUG;
				SWIFT_OPTIMIZATION_LEVEL = "-Onone";
			};
			name = Debug;
		};
		EFCD61982849BCD100509C0D /* Release */ = {
			isa = XCBuildConfiguration;
			buildSettings = {
				ALWAYS_SEARCH_USER_PATHS = NO;
				CLANG_ANALYZER_NONNULL = YES;
				CLANG_ANALYZER_NUMBER_OBJECT_CONVERSION = YES_AGGRESSIVE;
				CLANG_CXX_LANGUAGE_STANDARD = "gnu++17";
				CLANG_ENABLE_MODULES = YES;
				CLANG_ENABLE_OBJC_ARC = YES;
				CLANG_ENABLE_OBJC_WEAK = YES;
				CLANG_WARN_BLOCK_CAPTURE_AUTORELEASING = YES;
				CLANG_WARN_BOOL_CONVERSION = YES;
				CLANG_WARN_COMMA = YES;
				CLANG_WARN_CONSTANT_CONVERSION = YES;
				CLANG_WARN_DEPRECATED_OBJC_IMPLEMENTATIONS = YES;
				CLANG_WARN_DIRECT_OBJC_ISA_USAGE = YES_ERROR;
				CLANG_WARN_DOCUMENTATION_COMMENTS = YES;
				CLANG_WARN_EMPTY_BODY = YES;
				CLANG_WARN_ENUM_CONVERSION = YES;
				CLANG_WARN_INFINITE_RECURSION = YES;
				CLANG_WARN_INT_CONVERSION = YES;
				CLANG_WARN_NON_LITERAL_NULL_CONVERSION = YES;
				CLANG_WARN_OBJC_IMPLICIT_RETAIN_SELF = YES;
				CLANG_WARN_OBJC_LITERAL_CONVERSION = YES;
				CLANG_WARN_OBJC_ROOT_CLASS = YES_ERROR;
				CLANG_WARN_QUOTED_INCLUDE_IN_FRAMEWORK_HEADER = YES;
				CLANG_WARN_RANGE_LOOP_ANALYSIS = YES;
				CLANG_WARN_STRICT_PROTOTYPES = YES;
				CLANG_WARN_SUSPICIOUS_MOVE = YES;
				CLANG_WARN_UNGUARDED_AVAILABILITY = YES_AGGRESSIVE;
				CLANG_WARN_UNREACHABLE_CODE = YES;
				CLANG_WARN__DUPLICATE_METHOD_MATCH = YES;
				COPY_PHASE_STRIP = NO;
				DEBUG_INFORMATION_FORMAT = "dwarf-with-dsym";
				ENABLE_NS_ASSERTIONS = NO;
				ENABLE_STRICT_OBJC_MSGSEND = YES;
				GCC_C_LANGUAGE_STANDARD = gnu11;
				GCC_NO_COMMON_BLOCKS = YES;
				GCC_WARN_64_TO_32_BIT_CONVERSION = YES;
				GCC_WARN_ABOUT_RETURN_TYPE = YES_ERROR;
				GCC_WARN_UNDECLARED_SELECTOR = YES;
				GCC_WARN_UNINITIALIZED_AUTOS = YES_AGGRESSIVE;
				GCC_WARN_UNUSED_FUNCTION = YES;
				GCC_WARN_UNUSED_VARIABLE = YES;
				IPHONEOS_DEPLOYMENT_TARGET = 15.4;
				MTL_ENABLE_DEBUG_INFO = NO;
				MTL_FAST_MATH = YES;
				SDKROOT = iphoneos;
				SWIFT_COMPILATION_MODE = wholemodule;
				SWIFT_OPTIMIZATION_LEVEL = "-O";
				VALIDATE_PRODUCT = YES;
			};
			name = Release;
		};
		EFCD619A2849BCD100509C0D /* Debug */ = {
			isa = XCBuildConfiguration;
			buildSettings = {
				ASSETCATALOG_COMPILER_APPICON_NAME = AppIcon;
				ASSETCATALOG_COMPILER_GLOBAL_ACCENT_COLOR_NAME = AccentColor;
				CODE_SIGN_STYLE = Automatic;
				CURRENT_PROJECT_VERSION = 1;
				DEVELOPMENT_TEAM = 2WF5FK2F28;
				GENERATE_INFOPLIST_FILE = YES;
				INFOPLIST_FILE = MessageAppWithAssistant/Info.plist;
				INFOPLIST_KEY_UIApplicationSupportsIndirectInputEvents = YES;
				INFOPLIST_KEY_UILaunchStoryboardName = LaunchScreen;
				INFOPLIST_KEY_UIMainStoryboardFile = Main;
				INFOPLIST_KEY_UISupportedInterfaceOrientations_iPad = "UIInterfaceOrientationPortrait UIInterfaceOrientationPortraitUpsideDown UIInterfaceOrientationLandscapeLeft UIInterfaceOrientationLandscapeRight";
				INFOPLIST_KEY_UISupportedInterfaceOrientations_iPhone = "UIInterfaceOrientationPortrait UIInterfaceOrientationLandscapeLeft UIInterfaceOrientationLandscapeRight";
				LD_RUNPATH_SEARCH_PATHS = (
					"$(inherited)",
					"@executable_path/Frameworks",
				);
				MARKETING_VERSION = 1.0;
				PRODUCT_BUNDLE_IDENTIFIER = com.ryu.MessageAppWithAssistant;
				PRODUCT_NAME = "$(TARGET_NAME)";
				SWIFT_EMIT_LOC_STRINGS = YES;
				SWIFT_VERSION = 5.0;
				TARGETED_DEVICE_FAMILY = "1,2";
			};
			name = Debug;
		};
		EFCD619B2849BCD100509C0D /* Release */ = {
			isa = XCBuildConfiguration;
			buildSettings = {
				ASSETCATALOG_COMPILER_APPICON_NAME = AppIcon;
				ASSETCATALOG_COMPILER_GLOBAL_ACCENT_COLOR_NAME = AccentColor;
				CODE_SIGN_STYLE = Automatic;
				CURRENT_PROJECT_VERSION = 1;
				DEVELOPMENT_TEAM = 2WF5FK2F28;
				GENERATE_INFOPLIST_FILE = YES;
				INFOPLIST_FILE = MessageAppWithAssistant/Info.plist;
				INFOPLIST_KEY_UIApplicationSupportsIndirectInputEvents = YES;
				INFOPLIST_KEY_UILaunchStoryboardName = LaunchScreen;
				INFOPLIST_KEY_UIMainStoryboardFile = Main;
				INFOPLIST_KEY_UISupportedInterfaceOrientations_iPad = "UIInterfaceOrientationPortrait UIInterfaceOrientationPortraitUpsideDown UIInterfaceOrientationLandscapeLeft UIInterfaceOrientationLandscapeRight";
				INFOPLIST_KEY_UISupportedInterfaceOrientations_iPhone = "UIInterfaceOrientationPortrait UIInterfaceOrientationLandscapeLeft UIInterfaceOrientationLandscapeRight";
				LD_RUNPATH_SEARCH_PATHS = (
					"$(inherited)",
					"@executable_path/Frameworks",
				);
				MARKETING_VERSION = 1.0;
				PRODUCT_BUNDLE_IDENTIFIER = com.ryu.MessageAppWithAssistant;
				PRODUCT_NAME = "$(TARGET_NAME)";
				SWIFT_EMIT_LOC_STRINGS = YES;
				SWIFT_VERSION = 5.0;
				TARGETED_DEVICE_FAMILY = "1,2";
			};
			name = Release;
		};
		EFCD619D2849BCD100509C0D /* Debug */ = {
			isa = XCBuildConfiguration;
			buildSettings = {
				ALWAYS_EMBED_SWIFT_STANDARD_LIBRARIES = YES;
				BUNDLE_LOADER = "$(TEST_HOST)";
				CODE_SIGN_STYLE = Automatic;
				CURRENT_PROJECT_VERSION = 1;
				DEVELOPMENT_TEAM = 2WF5FK2F28;
				GENERATE_INFOPLIST_FILE = YES;
				IPHONEOS_DEPLOYMENT_TARGET = 15.4;
				MARKETING_VERSION = 1.0;
				PRODUCT_BUNDLE_IDENTIFIER = com.ryu.MessageAppWithAssistantTests;
				PRODUCT_NAME = "$(TARGET_NAME)";
				SWIFT_EMIT_LOC_STRINGS = NO;
				SWIFT_VERSION = 5.0;
				TARGETED_DEVICE_FAMILY = "1,2";
				TEST_HOST = "$(BUILT_PRODUCTS_DIR)/MessageAppWithAssistant.app/MessageAppWithAssistant";
			};
			name = Debug;
		};
		EFCD619E2849BCD100509C0D /* Release */ = {
			isa = XCBuildConfiguration;
			buildSettings = {
				ALWAYS_EMBED_SWIFT_STANDARD_LIBRARIES = YES;
				BUNDLE_LOADER = "$(TEST_HOST)";
				CODE_SIGN_STYLE = Automatic;
				CURRENT_PROJECT_VERSION = 1;
				DEVELOPMENT_TEAM = 2WF5FK2F28;
				GENERATE_INFOPLIST_FILE = YES;
				IPHONEOS_DEPLOYMENT_TARGET = 15.4;
				MARKETING_VERSION = 1.0;
				PRODUCT_BUNDLE_IDENTIFIER = com.ryu.MessageAppWithAssistantTests;
				PRODUCT_NAME = "$(TARGET_NAME)";
				SWIFT_EMIT_LOC_STRINGS = NO;
				SWIFT_VERSION = 5.0;
				TARGETED_DEVICE_FAMILY = "1,2";
				TEST_HOST = "$(BUILT_PRODUCTS_DIR)/MessageAppWithAssistant.app/MessageAppWithAssistant";
			};
			name = Release;
		};
		EFCD61A02849BCD100509C0D /* Debug */ = {
			isa = XCBuildConfiguration;
			buildSettings = {
				ALWAYS_EMBED_SWIFT_STANDARD_LIBRARIES = YES;
				CODE_SIGN_STYLE = Automatic;
				CURRENT_PROJECT_VERSION = 1;
				DEVELOPMENT_TEAM = 2WF5FK2F28;
				GENERATE_INFOPLIST_FILE = YES;
				MARKETING_VERSION = 1.0;
				PRODUCT_BUNDLE_IDENTIFIER = com.ryu.MessageAppWithAssistantUITests;
				PRODUCT_NAME = "$(TARGET_NAME)";
				SWIFT_EMIT_LOC_STRINGS = NO;
				SWIFT_VERSION = 5.0;
				TARGETED_DEVICE_FAMILY = "1,2";
				TEST_TARGET_NAME = MessageAppWithAssistant;
			};
			name = Debug;
		};
		EFCD61A12849BCD100509C0D /* Release */ = {
			isa = XCBuildConfiguration;
			buildSettings = {
				ALWAYS_EMBED_SWIFT_STANDARD_LIBRARIES = YES;
				CODE_SIGN_STYLE = Automatic;
				CURRENT_PROJECT_VERSION = 1;
				DEVELOPMENT_TEAM = 2WF5FK2F28;
				GENERATE_INFOPLIST_FILE = YES;
				MARKETING_VERSION = 1.0;
				PRODUCT_BUNDLE_IDENTIFIER = com.ryu.MessageAppWithAssistantUITests;
				PRODUCT_NAME = "$(TARGET_NAME)";
				SWIFT_EMIT_LOC_STRINGS = NO;
				SWIFT_VERSION = 5.0;
				TARGETED_DEVICE_FAMILY = "1,2";
				TEST_TARGET_NAME = MessageAppWithAssistant;
			};
			name = Release;
		};
/* End XCBuildConfiguration section */

/* Begin XCConfigurationList section */
		EFCD616A2849BCCF00509C0D /* Build configuration list for PBXProject "MessageAppWithAssistant" */ = {
			isa = XCConfigurationList;
			buildConfigurations = (
				EFCD61972849BCD100509C0D /* Debug */,
				EFCD61982849BCD100509C0D /* Release */,
			);
			defaultConfigurationIsVisible = 0;
			defaultConfigurationName = Release;
		};
		EFCD61992849BCD100509C0D /* Build configuration list for PBXNativeTarget "MessageAppWithAssistant" */ = {
			isa = XCConfigurationList;
			buildConfigurations = (
				EFCD619A2849BCD100509C0D /* Debug */,
				EFCD619B2849BCD100509C0D /* Release */,
			);
			defaultConfigurationIsVisible = 0;
			defaultConfigurationName = Release;
		};
		EFCD619C2849BCD100509C0D /* Build configuration list for PBXNativeTarget "MessageAppWithAssistantTests" */ = {
			isa = XCConfigurationList;
			buildConfigurations = (
				EFCD619D2849BCD100509C0D /* Debug */,
				EFCD619E2849BCD100509C0D /* Release */,
			);
			defaultConfigurationIsVisible = 0;
			defaultConfigurationName = Release;
		};
		EFCD619F2849BCD100509C0D /* Build configuration list for PBXNativeTarget "MessageAppWithAssistantUITests" */ = {
			isa = XCConfigurationList;
			buildConfigurations = (
				EFCD61A02849BCD100509C0D /* Debug */,
				EFCD61A12849BCD100509C0D /* Release */,
			);
			defaultConfigurationIsVisible = 0;
			defaultConfigurationName = Release;
		};
/* End XCConfigurationList section */

/* Begin XCRemoteSwiftPackageReference section */
		EF089D65286017E4009A4F97 /* XCRemoteSwiftPackageReference "OHHTTPStubs" */ = {
			isa = XCRemoteSwiftPackageReference;
			repositoryURL = "https://github.com/AliSoftware/OHHTTPStubs.git";
			requirement = {
				kind = upToNextMajorVersion;
				minimumVersion = 9.0.0;
			};
		};
		EF089D6A286040E8009A4F97 /* XCRemoteSwiftPackageReference "realm-swift" */ = {
			isa = XCRemoteSwiftPackageReference;
			repositoryURL = "https://github.com/realm/realm-swift.git";
			requirement = {
				branch = master;
				kind = branch;
			};
		};
/* End XCRemoteSwiftPackageReference section */

/* Begin XCSwiftPackageProductDependency section */
		EF089D66286017E4009A4F97 /* OHHTTPStubs */ = {
			isa = XCSwiftPackageProductDependency;
			package = EF089D65286017E4009A4F97 /* XCRemoteSwiftPackageReference "OHHTTPStubs" */;
			productName = OHHTTPStubs;
		};
		EF089D68286017E4009A4F97 /* OHHTTPStubsSwift */ = {
			isa = XCSwiftPackageProductDependency;
			package = EF089D65286017E4009A4F97 /* XCRemoteSwiftPackageReference "OHHTTPStubs" */;
			productName = OHHTTPStubsSwift;
		};
		EF089D6B286040E8009A4F97 /* Realm */ = {
			isa = XCSwiftPackageProductDependency;
			package = EF089D6A286040E8009A4F97 /* XCRemoteSwiftPackageReference "realm-swift" */;
			productName = Realm;
		};
		EF089D6D286040E8009A4F97 /* RealmSwift */ = {
			isa = XCSwiftPackageProductDependency;
			package = EF089D6A286040E8009A4F97 /* XCRemoteSwiftPackageReference "realm-swift" */;
			productName = RealmSwift;
		};
/* End XCSwiftPackageProductDependency section */
	};
	rootObject = EFCD61672849BCCF00509C0D /* Project object */;
}
